
Microsoft Visual Studio Solution File, Format Version 12.00
# Visual Studio Version 17
VisualStudioVersion = 17.11.35219.272
MinimumVisualStudioVersion = 10.0.40219.1
Project("{FAE04EC0-301F-11D3-BF4B-00C04F79EFBC}") = "MiniChat.Client", "MiniChat.Client\MiniChat.Client.csproj", "{C6764139-0F6A-4B30-B13C-6BD5430C7D4F}"
EndProject
Project("{FAE04EC0-301F-11D3-BF4B-00C04F79EFBC}") = "MiniChat.Server", "MiniChat.Server\MiniChat.Server.csproj", "{20941AEE-8297-4002-8DD4-74FDE31DFD85}"
EndProject
Global
	GlobalSection(SolutionConfigurationPlatforms) = preSolution
		Debug|Any CPU = Debug|Any CPU
		Release|Any CPU = Release|Any CPU
	EndGlobalSection
	GlobalSection(ProjectConfigurationPlatforms) = postSolution
		{C6764139-0F6A-4B30-B13C-6BD5430C7D4F}.Debug|Any CPU.ActiveCfg = Debug|Any CPU
		{C6764139-0F6A-4B30-B13C-6BD5430C7D4F}.Debug|Any CPU.Build.0 = Debug|Any CPU
		{C6764139-0F6A-4B30-B13C-6BD5430C7D4F}.Release|Any CPU.ActiveCfg = Release|Any CPU
		{C6764139-0F6A-4B30-B13C-6BD5430C7D4F}.Release|Any CPU.Build.0 = Release|Any CPU
		{20941AEE-8297-4002-8DD4-74FDE31DFD85}.Debug|Any CPU.ActiveCfg = Debug|Any CPU
		{20941AEE-8297-4002-8DD4-74FDE31DFD85}.Debug|Any CPU.Build.0 = Debug|Any CPU
		{20941AEE-8297-4002-8DD4-74FDE31DFD85}.Release|Any CPU.ActiveCfg = Release|Any CPU
		{20941AEE-8297-4002-8DD4-74FDE31DFD85}.Release|Any CPU.Build.0 = Release|Any CPU
	EndGlobalSection
	GlobalSection(SolutionProperties) = preSolution
		HideSolutionNode = FALSE
	EndGlobalSection
	GlobalSection(ExtensibilityGlobals) = postSolution
		SolutionGuid = {FF5F2943-FF12-44E9-9BE5-46012E6D47EE}
	EndGlobalSection
EndGlobal
